
Microsoft Visual Studio Solution File, Format Version 12.00
# Visual Studio 14
VisualStudioVersion = 14.0.24720.0
MinimumVisualStudioVersion = 10.0.40219.1
Project("{151D2E53-A2C4-4D7D-83FE-D05416EBD58E}") = "DSC2ndTry", "DSC2ndTry\DSC2ndTry.deployproj", "{E621287A-F2AA-4357-8BD6-E3F894F186B5}"
EndProject
Global
	GlobalSection(SolutionConfigurationPlatforms) = preSolution
		Debug|Any CPU = Debug|Any CPU
		Release|Any CPU = Release|Any CPU
	EndGlobalSection
	GlobalSection(ProjectConfigurationPlatforms) = postSolution
		{E621287A-F2AA-4357-8BD6-E3F894F186B5}.Debug|Any CPU.ActiveCfg = Debug|Any CPU
		{E621287A-F2AA-4357-8BD6-E3F894F186B5}.Debug|Any CPU.Build.0 = Debug|Any CPU
		{E621287A-F2AA-4357-8BD6-E3F894F186B5}.Release|Any CPU.ActiveCfg = Release|Any CPU
		{E621287A-F2AA-4357-8BD6-E3F894F186B5}.Release|Any CPU.Build.0 = Release|Any CPU
	EndGlobalSection
	GlobalSection(SolutionProperties) = preSolution
		HideSolutionNode = FALSE
	EndGlobalSection
EndGlobal
